// !$*UTF8*$!
{
	archiveVersion = 1;
	classes = {
	};
	objectVersion = 56;
	objects = {

/* Begin PBXBuildFile section */
		9E2C7FB32AF1626600A79FC5 /* CompleteTabs.swift in Sources */ = {isa = PBXBuildFile; fileRef = 9E2C7FB22AF1626600A79FC5 /* CompleteTabs.swift */; };
		9E2C7FB52AF1811600A79FC5 /* History.swift in Sources */ = {isa = PBXBuildFile; fileRef = 9E2C7FB42AF1811600A79FC5 /* History.swift */; };
		9E6924442AE9CB8A00DB4C48 /* ImagifyApp.swift in Sources */ = {isa = PBXBuildFile; fileRef = 9E6924432AE9CB8A00DB4C48 /* ImagifyApp.swift */; };
		9E6924462AE9CB8A00DB4C48 /* ContentView.swift in Sources */ = {isa = PBXBuildFile; fileRef = 9E6924452AE9CB8A00DB4C48 /* ContentView.swift */; };
		9E6924482AE9CB8C00DB4C48 /* Assets.xcassets in Resources */ = {isa = PBXBuildFile; fileRef = 9E6924472AE9CB8C00DB4C48 /* Assets.xcassets */; };
		9E69244C2AE9CB8C00DB4C48 /* Preview Assets.xcassets in Resources */ = {isa = PBXBuildFile; fileRef = 9E69244B2AE9CB8C00DB4C48 /* Preview Assets.xcassets */; };
		9E6924562AE9CB8D00DB4C48 /* ImagifyTests.swift in Sources */ = {isa = PBXBuildFile; fileRef = 9E6924552AE9CB8D00DB4C48 /* ImagifyTests.swift */; };
		9E6924602AE9CB8D00DB4C48 /* ImagifyUITests.swift in Sources */ = {isa = PBXBuildFile; fileRef = 9E69245F2AE9CB8D00DB4C48 /* ImagifyUITests.swift */; };
		9E6924622AE9CB8D00DB4C48 /* ImagifyUITestsLaunchTests.swift in Sources */ = {isa = PBXBuildFile; fileRef = 9E6924612AE9CB8D00DB4C48 /* ImagifyUITestsLaunchTests.swift */; };
		9E6924762AEA943000DB4C48 /* ColorModels.swift in Sources */ = {isa = PBXBuildFile; fileRef = 9E6924752AEA943000DB4C48 /* ColorModels.swift */; };
		9E6924782AEADBF600DB4C48 /* ImageDetail.swift in Sources */ = {isa = PBXBuildFile; fileRef = 9E6924772AEADBF600DB4C48 /* ImageDetail.swift */; };
		9EC062AE2AF0793400F28CFF /* SpeechRecognizer.swift in Sources */ = {isa = PBXBuildFile; fileRef = 9EC062AD2AF0793400F28CFF /* SpeechRecognizer.swift */; };
		9EC062B02AF0AEE300F28CFF /* HistoryView.swift in Sources */ = {isa = PBXBuildFile; fileRef = 9EC062AF2AF0AEE300F28CFF /* HistoryView.swift */; };
		9EFF795F2AF058A100040527 /* DataToImageDetail.swift in Sources */ = {isa = PBXBuildFile; fileRef = 9EFF795E2AF058A000040527 /* DataToImageDetail.swift */; };
		9EFF79612AF0591400040527 /* CameraViewModel.swift in Sources */ = {isa = PBXBuildFile; fileRef = 9EFF79602AF0591400040527 /* CameraViewModel.swift */; };
		9EFF79632AF059B000040527 /* locationViewModel.swift in Sources */ = {isa = PBXBuildFile; fileRef = 9EFF79622AF059B000040527 /* locationViewModel.swift */; };
/* End PBXBuildFile section */

/* Begin PBXContainerItemProxy section */
		9E6924522AE9CB8D00DB4C48 /* PBXContainerItemProxy */ = {
			isa = PBXContainerItemProxy;
			containerPortal = 9E6924382AE9CB8A00DB4C48 /* Project object */;
			proxyType = 1;
			remoteGlobalIDString = 9E69243F2AE9CB8A00DB4C48;
			remoteInfo = Imagify;
		};
		9E69245C2AE9CB8D00DB4C48 /* PBXContainerItemProxy */ = {
			isa = PBXContainerItemProxy;
			containerPortal = 9E6924382AE9CB8A00DB4C48 /* Project object */;
			proxyType = 1;
			remoteGlobalIDString = 9E69243F2AE9CB8A00DB4C48;
			remoteInfo = Imagify;
		};
/* End PBXContainerItemProxy section */

/* Begin PBXFileReference section */
		9E2C7FB22AF1626600A79FC5 /* CompleteTabs.swift */ = {isa = PBXFileReference; lastKnownFileType = sourcecode.swift; path = CompleteTabs.swift; sourceTree = "<group>"; };
		9E2C7FB42AF1811600A79FC5 /* History.swift */ = {isa = PBXFileReference; lastKnownFileType = sourcecode.swift; path = History.swift; sourceTree = "<group>"; };
		9E6924402AE9CB8A00DB4C48 /* Imagify.app */ = {isa = PBXFileReference; explicitFileType = wrapper.application; includeInIndex = 0; path = Imagify.app; sourceTree = BUILT_PRODUCTS_DIR; };
		9E6924432AE9CB8A00DB4C48 /* ImagifyApp.swift */ = {isa = PBXFileReference; lastKnownFileType = sourcecode.swift; path = ImagifyApp.swift; sourceTree = "<group>"; };
		9E6924452AE9CB8A00DB4C48 /* ContentView.swift */ = {isa = PBXFileReference; lastKnownFileType = sourcecode.swift; path = ContentView.swift; sourceTree = "<group>"; };
		9E6924472AE9CB8C00DB4C48 /* Assets.xcassets */ = {isa = PBXFileReference; lastKnownFileType = folder.assetcatalog; path = Assets.xcassets; sourceTree = "<group>"; };
		9E6924492AE9CB8C00DB4C48 /* Imagify.entitlements */ = {isa = PBXFileReference; lastKnownFileType = text.plist.entitlements; path = Imagify.entitlements; sourceTree = "<group>"; };
		9E69244B2AE9CB8C00DB4C48 /* Preview Assets.xcassets */ = {isa = PBXFileReference; lastKnownFileType = folder.assetcatalog; path = "Preview Assets.xcassets"; sourceTree = "<group>"; };
		9E6924512AE9CB8D00DB4C48 /* ImagifyTests.xctest */ = {isa = PBXFileReference; explicitFileType = wrapper.cfbundle; includeInIndex = 0; path = ImagifyTests.xctest; sourceTree = BUILT_PRODUCTS_DIR; };
		9E6924552AE9CB8D00DB4C48 /* ImagifyTests.swift */ = {isa = PBXFileReference; lastKnownFileType = sourcecode.swift; path = ImagifyTests.swift; sourceTree = "<group>"; };
		9E69245B2AE9CB8D00DB4C48 /* ImagifyUITests.xctest */ = {isa = PBXFileReference; explicitFileType = wrapper.cfbundle; includeInIndex = 0; path = ImagifyUITests.xctest; sourceTree = BUILT_PRODUCTS_DIR; };
		9E69245F2AE9CB8D00DB4C48 /* ImagifyUITests.swift */ = {isa = PBXFileReference; lastKnownFileType = sourcecode.swift; path = ImagifyUITests.swift; sourceTree = "<group>"; };
		9E6924612AE9CB8D00DB4C48 /* ImagifyUITestsLaunchTests.swift */ = {isa = PBXFileReference; lastKnownFileType = sourcecode.swift; path = ImagifyUITestsLaunchTests.swift; sourceTree = "<group>"; };
		9E6924752AEA943000DB4C48 /* ColorModels.swift */ = {isa = PBXFileReference; lastKnownFileType = sourcecode.swift; path = ColorModels.swift; sourceTree = "<group>"; };
		9E6924772AEADBF600DB4C48 /* ImageDetail.swift */ = {isa = PBXFileReference; lastKnownFileType = sourcecode.swift; path = ImageDetail.swift; sourceTree = "<group>"; };
		9EC062AD2AF0793400F28CFF /* SpeechRecognizer.swift */ = {isa = PBXFileReference; lastKnownFileType = sourcecode.swift; path = SpeechRecognizer.swift; sourceTree = "<group>"; };
		9EC062AF2AF0AEE300F28CFF /* HistoryView.swift */ = {isa = PBXFileReference; lastKnownFileType = sourcecode.swift; path = HistoryView.swift; sourceTree = "<group>"; };
		9EFF795E2AF058A000040527 /* DataToImageDetail.swift */ = {isa = PBXFileReference; lastKnownFileType = sourcecode.swift; path = DataToImageDetail.swift; sourceTree = "<group>"; };
		9EFF79602AF0591400040527 /* CameraViewModel.swift */ = {isa = PBXFileReference; lastKnownFileType = sourcecode.swift; path = CameraViewModel.swift; sourceTree = "<group>"; };
		9EFF79622AF059B000040527 /* locationViewModel.swift */ = {isa = PBXFileReference; lastKnownFileType = sourcecode.swift; path = locationViewModel.swift; sourceTree = "<group>"; };
/* End PBXFileReference section */

/* Begin PBXFrameworksBuildPhase section */
		9E69243D2AE9CB8A00DB4C48 /* Frameworks */ = {
			isa = PBXFrameworksBuildPhase;
			buildActionMask = 2147483647;
			files = (
			);
			runOnlyForDeploymentPostprocessing = 0;
		};
		9E69244E2AE9CB8D00DB4C48 /* Frameworks */ = {
			isa = PBXFrameworksBuildPhase;
			buildActionMask = 2147483647;
			files = (
			);
			runOnlyForDeploymentPostprocessing = 0;
		};
		9E6924582AE9CB8D00DB4C48 /* Frameworks */ = {
			isa = PBXFrameworksBuildPhase;
			buildActionMask = 2147483647;
			files = (
			);
			runOnlyForDeploymentPostprocessing = 0;
		};
/* End PBXFrameworksBuildPhase section */

/* Begin PBXGroup section */
		9E6924372AE9CB8A00DB4C48 = {
			isa = PBXGroup;
			children = (
				9E6924422AE9CB8A00DB4C48 /* Imagify */,
				9E6924542AE9CB8D00DB4C48 /* ImagifyTests */,
				9E69245E2AE9CB8D00DB4C48 /* ImagifyUITests */,
				9E6924412AE9CB8A00DB4C48 /* Products */,
			);
			sourceTree = "<group>";
		};
		9E6924412AE9CB8A00DB4C48 /* Products */ = {
			isa = PBXGroup;
			children = (
				9E6924402AE9CB8A00DB4C48 /* Imagify.app */,
				9E6924512AE9CB8D00DB4C48 /* ImagifyTests.xctest */,
				9E69245B2AE9CB8D00DB4C48 /* ImagifyUITests.xctest */,
			);
			name = Products;
			sourceTree = "<group>";
		};
		9E6924422AE9CB8A00DB4C48 /* Imagify */ = {
			isa = PBXGroup;
			children = (
				9E69246E2AE9CB9A00DB4C48 /* Other */,
				9E69246F2AE9DB1700DB4C48 /* Models */,
				9E6924432AE9CB8A00DB4C48 /* ImagifyApp.swift */,
				9E2C7FB22AF1626600A79FC5 /* CompleteTabs.swift */,
				9E6924452AE9CB8A00DB4C48 /* ContentView.swift */,
				9EC062AF2AF0AEE300F28CFF /* HistoryView.swift */,
				9E6924772AEADBF600DB4C48 /* ImageDetail.swift */,
				9E6924492AE9CB8C00DB4C48 /* Imagify.entitlements */,
				9E69244A2AE9CB8C00DB4C48 /* Preview Content */,
			);
			path = Imagify;
			sourceTree = "<group>";
		};
		9E69244A2AE9CB8C00DB4C48 /* Preview Content */ = {
			isa = PBXGroup;
			children = (
				9E69244B2AE9CB8C00DB4C48 /* Preview Assets.xcassets */,
			);
			path = "Preview Content";
			sourceTree = "<group>";
		};
		9E6924542AE9CB8D00DB4C48 /* ImagifyTests */ = {
			isa = PBXGroup;
			children = (
				9E6924552AE9CB8D00DB4C48 /* ImagifyTests.swift */,
			);
			path = ImagifyTests;
			sourceTree = "<group>";
		};
		9E69245E2AE9CB8D00DB4C48 /* ImagifyUITests */ = {
			isa = PBXGroup;
			children = (
				9E69245F2AE9CB8D00DB4C48 /* ImagifyUITests.swift */,
				9E6924612AE9CB8D00DB4C48 /* ImagifyUITestsLaunchTests.swift */,
			);
			path = ImagifyUITests;
			sourceTree = "<group>";
		};
		9E69246E2AE9CB9A00DB4C48 /* Other */ = {
			isa = PBXGroup;
			children = (
				9E6924472AE9CB8C00DB4C48 /* Assets.xcassets */,
			);
			path = Other;
			sourceTree = "<group>";
		};
		9E69246F2AE9DB1700DB4C48 /* Models */ = {
			isa = PBXGroup;
			children = (
				9E6924752AEA943000DB4C48 /* ColorModels.swift */,
				9EFF795E2AF058A000040527 /* DataToImageDetail.swift */,
				9EFF79602AF0591400040527 /* CameraViewModel.swift */,
				9EFF79622AF059B000040527 /* locationViewModel.swift */,
				9EC062AD2AF0793400F28CFF /* SpeechRecognizer.swift */,
				9E2C7FB42AF1811600A79FC5 /* History.swift */,
			);
			path = Models;
			sourceTree = "<group>";
		};
/* End PBXGroup section */

/* Begin PBXNativeTarget section */
		9E69243F2AE9CB8A00DB4C48 /* Imagify */ = {
			isa = PBXNativeTarget;
			buildConfigurationList = 9E6924652AE9CB8D00DB4C48 /* Build configuration list for PBXNativeTarget "Imagify" */;
			buildPhases = (
				9E69243C2AE9CB8A00DB4C48 /* Sources */,
				9E69243D2AE9CB8A00DB4C48 /* Frameworks */,
				9E69243E2AE9CB8A00DB4C48 /* Resources */,
			);
			buildRules = (
			);
			dependencies = (
			);
			name = Imagify;
			productName = Imagify;
			productReference = 9E6924402AE9CB8A00DB4C48 /* Imagify.app */;
			productType = "com.apple.product-type.application";
		};
		9E6924502AE9CB8D00DB4C48 /* ImagifyTests */ = {
			isa = PBXNativeTarget;
			buildConfigurationList = 9E6924682AE9CB8D00DB4C48 /* Build configuration list for PBXNativeTarget "ImagifyTests" */;
			buildPhases = (
				9E69244D2AE9CB8D00DB4C48 /* Sources */,
				9E69244E2AE9CB8D00DB4C48 /* Frameworks */,
				9E69244F2AE9CB8D00DB4C48 /* Resources */,
			);
			buildRules = (
			);
			dependencies = (
				9E6924532AE9CB8D00DB4C48 /* PBXTargetDependency */,
			);
			name = ImagifyTests;
			productName = ImagifyTests;
			productReference = 9E6924512AE9CB8D00DB4C48 /* ImagifyTests.xctest */;
			productType = "com.apple.product-type.bundle.unit-test";
		};
		9E69245A2AE9CB8D00DB4C48 /* ImagifyUITests */ = {
			isa = PBXNativeTarget;
			buildConfigurationList = 9E69246B2AE9CB8D00DB4C48 /* Build configuration list for PBXNativeTarget "ImagifyUITests" */;
			buildPhases = (
				9E6924572AE9CB8D00DB4C48 /* Sources */,
				9E6924582AE9CB8D00DB4C48 /* Frameworks */,
				9E6924592AE9CB8D00DB4C48 /* Resources */,
			);
			buildRules = (
			);
			dependencies = (
				9E69245D2AE9CB8D00DB4C48 /* PBXTargetDependency */,
			);
			name = ImagifyUITests;
			productName = ImagifyUITests;
			productReference = 9E69245B2AE9CB8D00DB4C48 /* ImagifyUITests.xctest */;
			productType = "com.apple.product-type.bundle.ui-testing";
		};
/* End PBXNativeTarget section */

/* Begin PBXProject section */
		9E6924382AE9CB8A00DB4C48 /* Project object */ = {
			isa = PBXProject;
			attributes = {
				BuildIndependentTargetsInParallel = 1;
				LastSwiftUpdateCheck = 1500;
				LastUpgradeCheck = 1500;
				TargetAttributes = {
					9E69243F2AE9CB8A00DB4C48 = {
						CreatedOnToolsVersion = 15.0;
					};
					9E6924502AE9CB8D00DB4C48 = {
						CreatedOnToolsVersion = 15.0;
						TestTargetID = 9E69243F2AE9CB8A00DB4C48;
					};
					9E69245A2AE9CB8D00DB4C48 = {
						CreatedOnToolsVersion = 15.0;
						TestTargetID = 9E69243F2AE9CB8A00DB4C48;
					};
				};
			};
			buildConfigurationList = 9E69243B2AE9CB8A00DB4C48 /* Build configuration list for PBXProject "Imagify" */;
			compatibilityVersion = "Xcode 14.0";
			developmentRegion = en;
			hasScannedForEncodings = 0;
			knownRegions = (
				en,
				Base,
			);
			mainGroup = 9E6924372AE9CB8A00DB4C48;
			productRefGroup = 9E6924412AE9CB8A00DB4C48 /* Products */;
			projectDirPath = "";
			projectRoot = "";
			targets = (
				9E69243F2AE9CB8A00DB4C48 /* Imagify */,
				9E6924502AE9CB8D00DB4C48 /* ImagifyTests */,
				9E69245A2AE9CB8D00DB4C48 /* ImagifyUITests */,
			);
		};
/* End PBXProject section */

/* Begin PBXResourcesBuildPhase section */
		9E69243E2AE9CB8A00DB4C48 /* Resources */ = {
			isa = PBXResourcesBuildPhase;
			buildActionMask = 2147483647;
			files = (
				9E69244C2AE9CB8C00DB4C48 /* Preview Assets.xcassets in Resources */,
				9E6924482AE9CB8C00DB4C48 /* Assets.xcassets in Resources */,
			);
			runOnlyForDeploymentPostprocessing = 0;
		};
		9E69244F2AE9CB8D00DB4C48 /* Resources */ = {
			isa = PBXResourcesBuildPhase;
			buildActionMask = 2147483647;
			files = (
			);
			runOnlyForDeploymentPostprocessing = 0;
		};
		9E6924592AE9CB8D00DB4C48 /* Resources */ = {
			isa = PBXResourcesBuildPhase;
			buildActionMask = 2147483647;
			files = (
			);
			runOnlyForDeploymentPostprocessing = 0;
		};
/* End PBXResourcesBuildPhase section */

/* Begin PBXSourcesBuildPhase section */
		9E69243C2AE9CB8A00DB4C48 /* Sources */ = {
			isa = PBXSourcesBuildPhase;
			buildActionMask = 2147483647;
			files = (
				9E6924462AE9CB8A00DB4C48 /* ContentView.swift in Sources */,
				9EC062AE2AF0793400F28CFF /* SpeechRecognizer.swift in Sources */,
				9E6924442AE9CB8A00DB4C48 /* ImagifyApp.swift in Sources */,
				9E2C7FB52AF1811600A79FC5 /* History.swift in Sources */,
				9EFF79632AF059B000040527 /* locationViewModel.swift in Sources */,
				9E6924762AEA943000DB4C48 /* ColorModels.swift in Sources */,
				9E6924782AEADBF600DB4C48 /* ImageDetail.swift in Sources */,
				9E2C7FB32AF1626600A79FC5 /* CompleteTabs.swift in Sources */,
				9EFF795F2AF058A100040527 /* DataToImageDetail.swift in Sources */,
				9EC062B02AF0AEE300F28CFF /* HistoryView.swift in Sources */,
				9EFF79612AF0591400040527 /* CameraViewModel.swift in Sources */,
			);
			runOnlyForDeploymentPostprocessing = 0;
		};
		9E69244D2AE9CB8D00DB4C48 /* Sources */ = {
			isa = PBXSourcesBuildPhase;
			buildActionMask = 2147483647;
			files = (
				9E6924562AE9CB8D00DB4C48 /* ImagifyTests.swift in Sources */,
			);
			runOnlyForDeploymentPostprocessing = 0;
		};
		9E6924572AE9CB8D00DB4C48 /* Sources */ = {
			isa = PBXSourcesBuildPhase;
			buildActionMask = 2147483647;
			files = (
				9E6924602AE9CB8D00DB4C48 /* ImagifyUITests.swift in Sources */,
				9E6924622AE9CB8D00DB4C48 /* ImagifyUITestsLaunchTests.swift in Sources */,
			);
			runOnlyForDeploymentPostprocessing = 0;
		};
/* End PBXSourcesBuildPhase section */

/* Begin PBXTargetDependency section */
		9E6924532AE9CB8D00DB4C48 /* PBXTargetDependency */ = {
			isa = PBXTargetDependency;
			target = 9E69243F2AE9CB8A00DB4C48 /* Imagify */;
			targetProxy = 9E6924522AE9CB8D00DB4C48 /* PBXContainerItemProxy */;
		};
		9E69245D2AE9CB8D00DB4C48 /* PBXTargetDependency */ = {
			isa = PBXTargetDependency;
			target = 9E69243F2AE9CB8A00DB4C48 /* Imagify */;
			targetProxy = 9E69245C2AE9CB8D00DB4C48 /* PBXContainerItemProxy */;
		};
/* End PBXTargetDependency section */

/* Begin XCBuildConfiguration section */
		9E6924632AE9CB8D00DB4C48 /* Debug */ = {
			isa = XCBuildConfiguration;
			buildSettings = {
				ALWAYS_SEARCH_USER_PATHS = NO;
				ASSETCATALOG_COMPILER_GENERATE_SWIFT_ASSET_SYMBOL_EXTENSIONS = YES;
				CLANG_ANALYZER_NONNULL = YES;
				CLANG_ANALYZER_NUMBER_OBJECT_CONVERSION = YES_AGGRESSIVE;
				CLANG_CXX_LANGUAGE_STANDARD = "gnu++20";
				CLANG_ENABLE_MODULES = YES;
				CLANG_ENABLE_OBJC_ARC = YES;
				CLANG_ENABLE_OBJC_WEAK = YES;
				CLANG_WARN_BLOCK_CAPTURE_AUTORELEASING = YES;
				CLANG_WARN_BOOL_CONVERSION = YES;
				CLANG_WARN_COMMA = YES;
				CLANG_WARN_CONSTANT_CONVERSION = YES;
				CLANG_WARN_DEPRECATED_OBJC_IMPLEMENTATIONS = YES;
				CLANG_WARN_DIRECT_OBJC_ISA_USAGE = YES_ERROR;
				CLANG_WARN_DOCUMENTATION_COMMENTS = YES;
				CLANG_WARN_EMPTY_BODY = YES;
				CLANG_WARN_ENUM_CONVERSION = YES;
				CLANG_WARN_INFINITE_RECURSION = YES;
				CLANG_WARN_INT_CONVERSION = YES;
				CLANG_WARN_NON_LITERAL_NULL_CONVERSION = YES;
				CLANG_WARN_OBJC_IMPLICIT_RETAIN_SELF = YES;
				CLANG_WARN_OBJC_LITERAL_CONVERSION = YES;
				CLANG_WARN_OBJC_ROOT_CLASS = YES_ERROR;
				CLANG_WARN_QUOTED_INCLUDE_IN_FRAMEWORK_HEADER = YES;
				CLANG_WARN_RANGE_LOOP_ANALYSIS = YES;
				CLANG_WARN_STRICT_PROTOTYPES = YES;
				CLANG_WARN_SUSPICIOUS_MOVE = YES;
				CLANG_WARN_UNGUARDED_AVAILABILITY = YES_AGGRESSIVE;
				CLANG_WARN_UNREACHABLE_CODE = YES;
				CLANG_WARN__DUPLICATE_METHOD_MATCH = YES;
				COPY_PHASE_STRIP = NO;
				DEBUG_INFORMATION_FORMAT = dwarf;
				ENABLE_STRICT_OBJC_MSGSEND = YES;
				ENABLE_TESTABILITY = YES;
				ENABLE_USER_SCRIPT_SANDBOXING = YES;
				GCC_C_LANGUAGE_STANDARD = gnu17;
				GCC_DYNAMIC_NO_PIC = NO;
				GCC_NO_COMMON_BLOCKS = YES;
				GCC_OPTIMIZATION_LEVEL = 0;
				GCC_PREPROCESSOR_DEFINITIONS = (
					"DEBUG=1",
					"$(inherited)",
				);
				GCC_WARN_64_TO_32_BIT_CONVERSION = YES;
				GCC_WARN_ABOUT_RETURN_TYPE = YES_ERROR;
				GCC_WARN_UNDECLARED_SELECTOR = YES;
				GCC_WARN_UNINITIALIZED_AUTOS = YES_AGGRESSIVE;
				GCC_WARN_UNUSED_FUNCTION = YES;
				GCC_WARN_UNUSED_VARIABLE = YES;
				LOCALIZATION_PREFERS_STRING_CATALOGS = YES;
				MTL_ENABLE_DEBUG_INFO = INCLUDE_SOURCE;
				MTL_FAST_MATH = YES;
				ONLY_ACTIVE_ARCH = YES;
				SWIFT_ACTIVE_COMPILATION_CONDITIONS = "DEBUG $(inherited)";
				SWIFT_OPTIMIZATION_LEVEL = "-Onone";
			};
			name = Debug;
		};
		9E6924642AE9CB8D00DB4C48 /* Release */ = {
			isa = XCBuildConfiguration;
			buildSettings = {
				ALWAYS_SEARCH_USER_PATHS = NO;
				ASSETCATALOG_COMPILER_GENERATE_SWIFT_ASSET_SYMBOL_EXTENSIONS = YES;
				CLANG_ANALYZER_NONNULL = YES;
				CLANG_ANALYZER_NUMBER_OBJECT_CONVERSION = YES_AGGRESSIVE;
				CLANG_CXX_LANGUAGE_STANDARD = "gnu++20";
				CLANG_ENABLE_MODULES = YES;
				CLANG_ENABLE_OBJC_ARC = YES;
				CLANG_ENABLE_OBJC_WEAK = YES;
				CLANG_WARN_BLOCK_CAPTURE_AUTORELEASING = YES;
				CLANG_WARN_BOOL_CONVERSION = YES;
				CLANG_WARN_COMMA = YES;
				CLANG_WARN_CONSTANT_CONVERSION = YES;
				CLANG_WARN_DEPRECATED_OBJC_IMPLEMENTATIONS = YES;
				CLANG_WARN_DIRECT_OBJC_ISA_USAGE = YES_ERROR;
				CLANG_WARN_DOCUMENTATION_COMMENTS = YES;
				CLANG_WARN_EMPTY_BODY = YES;
				CLANG_WARN_ENUM_CONVERSION = YES;
				CLANG_WARN_INFINITE_RECURSION = YES;
				CLANG_WARN_INT_CONVERSION = YES;
				CLANG_WARN_NON_LITERAL_NULL_CONVERSION = YES;
				CLANG_WARN_OBJC_IMPLICIT_RETAIN_SELF = YES;
				CLANG_WARN_OBJC_LITERAL_CONVERSION = YES;
				CLANG_WARN_OBJC_ROOT_CLASS = YES_ERROR;
				CLANG_WARN_QUOTED_INCLUDE_IN_FRAMEWORK_HEADER = YES;
				CLANG_WARN_RANGE_LOOP_ANALYSIS = YES;
				CLANG_WARN_STRICT_PROTOTYPES = YES;
				CLANG_WARN_SUSPICIOUS_MOVE = YES;
				CLANG_WARN_UNGUARDED_AVAILABILITY = YES_AGGRESSIVE;
				CLANG_WARN_UNREACHABLE_CODE = YES;
				CLANG_WARN__DUPLICATE_METHOD_MATCH = YES;
				COPY_PHASE_STRIP = NO;
				DEBUG_INFORMATION_FORMAT = "dwarf-with-dsym";
				ENABLE_NS_ASSERTIONS = NO;
				ENABLE_STRICT_OBJC_MSGSEND = YES;
				ENABLE_USER_SCRIPT_SANDBOXING = YES;
				GCC_C_LANGUAGE_STANDARD = gnu17;
				GCC_NO_COMMON_BLOCKS = YES;
				GCC_WARN_64_TO_32_BIT_CONVERSION = YES;
				GCC_WARN_ABOUT_RETURN_TYPE = YES_ERROR;
				GCC_WARN_UNDECLARED_SELECTOR = YES;
				GCC_WARN_UNINITIALIZED_AUTOS = YES_AGGRESSIVE;
				GCC_WARN_UNUSED_FUNCTION = YES;
				GCC_WARN_UNUSED_VARIABLE = YES;
				LOCALIZATION_PREFERS_STRING_CATALOGS = YES;
				MTL_ENABLE_DEBUG_INFO = NO;
				MTL_FAST_MATH = YES;
				SWIFT_COMPILATION_MODE = wholemodule;
			};
			name = Release;
		};
		9E6924662AE9CB8D00DB4C48 /* Debug */ = {
			isa = XCBuildConfiguration;
			buildSettings = {
				ASSETCATALOG_COMPILER_APPICON_NAME = AppIcon;
				ASSETCATALOG_COMPILER_GLOBAL_ACCENT_COLOR_NAME = AccentColor;
				CODE_SIGN_ENTITLEMENTS = Imagify/Imagify.entitlements;
				CODE_SIGN_STYLE = Automatic;
				CURRENT_PROJECT_VERSION = 1;
				DEVELOPMENT_ASSET_PATHS = "\"Imagify/Preview Content\"";
				DEVELOPMENT_TEAM = LKYQ29PZ3G;
				ENABLE_PREVIEWS = YES;
				GENERATE_INFOPLIST_FILE = YES;
				INFOPLIST_KEY_NSCameraUsageDescription = "";
				INFOPLIST_KEY_NSLocationWhenInUseUsageDescription = "";
				INFOPLIST_KEY_NSMicrophoneUsageDescription = "";
				INFOPLIST_KEY_NSSpeechRecognitionUsageDescription = "";
				"INFOPLIST_KEY_UIApplicationSceneManifest_Generation[sdk=iphoneos*]" = YES;
				"INFOPLIST_KEY_UIApplicationSceneManifest_Generation[sdk=iphonesimulator*]" = YES;
				"INFOPLIST_KEY_UIApplicationSupportsIndirectInputEvents[sdk=iphoneos*]" = YES;
				"INFOPLIST_KEY_UIApplicationSupportsIndirectInputEvents[sdk=iphonesimulator*]" = YES;
				"INFOPLIST_KEY_UILaunchScreen_Generation[sdk=iphoneos*]" = YES;
				"INFOPLIST_KEY_UILaunchScreen_Generation[sdk=iphonesimulator*]" = YES;
				"INFOPLIST_KEY_UIStatusBarStyle[sdk=iphoneos*]" = UIStatusBarStyleDefault;
				"INFOPLIST_KEY_UIStatusBarStyle[sdk=iphonesimulator*]" = UIStatusBarStyleDefault;
				INFOPLIST_KEY_UISupportedInterfaceOrientations_iPad = "UIInterfaceOrientationPortrait UIInterfaceOrientationPortraitUpsideDown UIInterfaceOrientationLandscapeLeft UIInterfaceOrientationLandscapeRight";
				INFOPLIST_KEY_UISupportedInterfaceOrientations_iPhone = "UIInterfaceOrientationPortrait UIInterfaceOrientationLandscapeLeft UIInterfaceOrientationLandscapeRight";
				IPHONEOS_DEPLOYMENT_TARGET = 17.0;
				LD_RUNPATH_SEARCH_PATHS = "@executable_path/Frameworks";
				"LD_RUNPATH_SEARCH_PATHS[sdk=macosx*]" = "@executable_path/../Frameworks";
				MACOSX_DEPLOYMENT_TARGET = 13.6;
				MARKETING_VERSION = 1.0;
				PRODUCT_BUNDLE_IDENTIFIER = Teamcom.Imagify;
				PRODUCT_NAME = "$(TARGET_NAME)";
				SDKROOT = auto;
				SUPPORTED_PLATFORMS = "iphoneos iphonesimulator macosx";
				SWIFT_EMIT_LOC_STRINGS = YES;
				SWIFT_VERSION = 5.0;
				TARGETED_DEVICE_FAMILY = "1,2";
			};
			name = Debug;
		};
		9E6924672AE9CB8D00DB4C48 /* Release */ = {
			isa = XCBuildConfiguration;
			buildSettings = {
				ASSETCATALOG_COMPILER_APPICON_NAME = AppIcon;
				ASSETCATALOG_COMPILER_GLOBAL_ACCENT_COLOR_NAME = AccentColor;
				CODE_SIGN_ENTITLEMENTS = Imagify/Imagify.entitlements;
				CODE_SIGN_STYLE = Automatic;
				CURRENT_PROJECT_VERSION = 1;
				DEVELOPMENT_ASSET_PATHS = "\"Imagify/Preview Content\"";
				DEVELOPMENT_TEAM = LKYQ29PZ3G;
				ENABLE_PREVIEWS = YES;
				GENERATE_INFOPLIST_FILE = YES;
				INFOPLIST_KEY_NSCameraUsageDescription = "";
				INFOPLIST_KEY_NSLocationWhenInUseUsageDescription = "";
				INFOPLIST_KEY_NSMicrophoneUsageDescription = "";
				INFOPLIST_KEY_NSSpeechRecognitionUsageDescription = "";
				"INFOPLIST_KEY_UIApplicationSceneManifest_Generation[sdk=iphoneos*]" = YES;
				"INFOPLIST_KEY_UIApplicationSceneManifest_Generation[sdk=iphonesimulator*]" = YES;
				"INFOPLIST_KEY_UIApplicationSupportsIndirectInputEvents[sdk=iphoneos*]" = YES;
				"INFOPLIST_KEY_UIApplicationSupportsIndirectInputEvents[sdk=iphonesimulator*]" = YES;
				"INFOPLIST_KEY_UILaunchScreen_Generation[sdk=iphoneos*]" = YES;
				"INFOPLIST_KEY_UILaunchScreen_Generation[sdk=iphonesimulator*]" = YES;
				"INFOPLIST_KEY_UIStatusBarStyle[sdk=iphoneos*]" = UIStatusBarStyleDefault;
				"INFOPLIST_KEY_UIStatusBarStyle[sdk=iphonesimulator*]" = UIStatusBarStyleDefault;
				INFOPLIST_KEY_UISupportedInterfaceOrientations_iPad = "UIInterfaceOrientationPortrait UIInterfaceOrientationPortraitUpsideDown UIInterfaceOrientationLandscapeLeft UIInterfaceOrientationLandscapeRight";
				INFOPLIST_KEY_UISupportedInterfaceOrientations_iPhone = "UIInterfaceOrientationPortrait UIInterfaceOrientationLandscapeLeft UIInterfaceOrientationLandscapeRight";
				IPHONEOS_DEPLOYMENT_TARGET = 17.0;
				LD_RUNPATH_SEARCH_PATHS = "@executable_path/Frameworks";
				"LD_RUNPATH_SEARCH_PATHS[sdk=macosx*]" = "@executable_path/../Frameworks";
				MACOSX_DEPLOYMENT_TARGET = 13.6;
				MARKETING_VERSION = 1.0;
				PRODUCT_BUNDLE_IDENTIFIER = Teamcom.Imagify;
				PRODUCT_NAME = "$(TARGET_NAME)";
				SDKROOT = auto;
				SUPPORTED_PLATFORMS = "iphoneos iphonesimulator macosx";
				SWIFT_EMIT_LOC_STRINGS = YES;
				SWIFT_VERSION = 5.0;
				TARGETED_DEVICE_FAMILY = "1,2";
			};
			name = Release;
		};
		9E6924692AE9CB8D00DB4C48 /* Debug */ = {
			isa = XCBuildConfiguration;
			buildSettings = {
				ALWAYS_EMBED_SWIFT_STANDARD_LIBRARIES = YES;
				BUNDLE_LOADER = "$(TEST_HOST)";
				CODE_SIGN_STYLE = Automatic;
				CURRENT_PROJECT_VERSION = 1;
				GENERATE_INFOPLIST_FILE = YES;
				IPHONEOS_DEPLOYMENT_TARGET = 17.0;
				MACOSX_DEPLOYMENT_TARGET = 13.6;
				MARKETING_VERSION = 1.0;
				PRODUCT_BUNDLE_IDENTIFIER = Teamcom.ImagifyTests;
				PRODUCT_NAME = "$(TARGET_NAME)";
				SDKROOT = auto;
				SUPPORTED_PLATFORMS = "iphoneos iphonesimulator macosx";
				SWIFT_EMIT_LOC_STRINGS = NO;
				SWIFT_VERSION = 5.0;
				TARGETED_DEVICE_FAMILY = "1,2";
				TEST_HOST = "$(BUILT_PRODUCTS_DIR)/Imagify.app/$(BUNDLE_EXECUTABLE_FOLDER_PATH)/Imagify";
			};
			name = Debug;
		};
		9E69246A2AE9CB8D00DB4C48 /* Release */ = {
			isa = XCBuildConfiguration;
			buildSettings = {
				ALWAYS_EMBED_SWIFT_STANDARD_LIBRARIES = YES;
				BUNDLE_LOADER = "$(TEST_HOST)";
				CODE_SIGN_STYLE = Automatic;
				CURRENT_PROJECT_VERSION = 1;
				GENERATE_INFOPLIST_FILE = YES;
				IPHONEOS_DEPLOYMENT_TARGET = 17.0;
				MACOSX_DEPLOYMENT_TARGET = 13.6;
				MARKETING_VERSION = 1.0;
				PRODUCT_BUNDLE_IDENTIFIER = Teamcom.ImagifyTests;
				PRODUCT_NAME = "$(TARGET_NAME)";
				SDKROOT = auto;
				SUPPORTED_PLATFORMS = "iphoneos iphonesimulator macosx";
				SWIFT_EMIT_LOC_STRINGS = NO;
				SWIFT_VERSION = 5.0;
				TARGETED_DEVICE_FAMILY = "1,2";
				TEST_HOST = "$(BUILT_PRODUCTS_DIR)/Imagify.app/$(BUNDLE_EXECUTABLE_FOLDER_PATH)/Imagify";
			};
			name = Release;
		};
		9E69246C2AE9CB8D00DB4C48 /* Debug */ = {
			isa = XCBuildConfiguration;
			buildSettings = {
				ALWAYS_EMBED_SWIFT_STANDARD_LIBRARIES = YES;
				CODE_SIGN_STYLE = Automatic;
				CURRENT_PROJECT_VERSION = 1;
				GENERATE_INFOPLIST_FILE = YES;
				IPHONEOS_DEPLOYMENT_TARGET = 17.0;
				MACOSX_DEPLOYMENT_TARGET = 13.6;
				MARKETING_VERSION = 1.0;
				PRODUCT_BUNDLE_IDENTIFIER = Teamcom.ImagifyUITests;
				PRODUCT_NAME = "$(TARGET_NAME)";
				SDKROOT = auto;
				SUPPORTED_PLATFORMS = "iphoneos iphonesimulator macosx";
				SWIFT_EMIT_LOC_STRINGS = NO;
				SWIFT_VERSION = 5.0;
				TARGETED_DEVICE_FAMILY = "1,2";
				TEST_TARGET_NAME = Imagify;
			};
			name = Debug;
		};
		9E69246D2AE9CB8D00DB4C48 /* Release */ = {
			isa = XCBuildConfiguration;
			buildSettings = {
				ALWAYS_EMBED_SWIFT_STANDARD_LIBRARIES = YES;
				CODE_SIGN_STYLE = Automatic;
				CURRENT_PROJECT_VERSION = 1;
				GENERATE_INFOPLIST_FILE = YES;
				IPHONEOS_DEPLOYMENT_TARGET = 17.0;
				MACOSX_DEPLOYMENT_TARGET = 13.6;
				MARKETING_VERSION = 1.0;
				PRODUCT_BUNDLE_IDENTIFIER = Teamcom.ImagifyUITests;
				PRODUCT_NAME = "$(TARGET_NAME)";
				SDKROOT = auto;
				SUPPORTED_PLATFORMS = "iphoneos iphonesimulator macosx";
				SWIFT_EMIT_LOC_STRINGS = NO;
				SWIFT_VERSION = 5.0;
				TARGETED_DEVICE_FAMILY = "1,2";
				TEST_TARGET_NAME = Imagify;
			};
			name = Release;
		};
/* End XCBuildConfiguration section */

/* Begin XCConfigurationList section */
		9E69243B2AE9CB8A00DB4C48 /* Build configuration list for PBXProject "Imagify" */ = {
			isa = XCConfigurationList;
			buildConfigurations = (
				9E6924632AE9CB8D00DB4C48 /* Debug */,
				9E6924642AE9CB8D00DB4C48 /* Release */,
			);
			defaultConfigurationIsVisible = 0;
			defaultConfigurationName = Release;
		};
		9E6924652AE9CB8D00DB4C48 /* Build configuration list for PBXNativeTarget "Imagify" */ = {
			isa = XCConfigurationList;
			buildConfigurations = (
				9E6924662AE9CB8D00DB4C48 /* Debug */,
				9E6924672AE9CB8D00DB4C48 /* Release */,
			);
			defaultConfigurationIsVisible = 0;
			defaultConfigurationName = Release;
		};
		9E6924682AE9CB8D00DB4C48 /* Build configuration list for PBXNativeTarget "ImagifyTests" */ = {
			isa = XCConfigurationList;
			buildConfigurations = (
				9E6924692AE9CB8D00DB4C48 /* Debug */,
				9E69246A2AE9CB8D00DB4C48 /* Release */,
			);
			defaultConfigurationIsVisible = 0;
			defaultConfigurationName = Release;
		};
		9E69246B2AE9CB8D00DB4C48 /* Build configuration list for PBXNativeTarget "ImagifyUITests" */ = {
			isa = XCConfigurationList;
			buildConfigurations = (
				9E69246C2AE9CB8D00DB4C48 /* Debug */,
				9E69246D2AE9CB8D00DB4C48 /* Release */,
			);
			defaultConfigurationIsVisible = 0;
			defaultConfigurationName = Release;
		};
/* End XCConfigurationList section */
	};
	rootObject = 9E6924382AE9CB8A00DB4C48 /* Project object */;
}
